
Microsoft Visual Studio Solution File, Format Version 12.00
# Visual Studio Version 17
VisualStudioVersion = 17.7.34221.43
MinimumVisualStudioVersion = 10.0.40219.1
Project("{9A19103F-16F7-4668-BE54-9A1E7A4F7556}") = "AskHand.Api", "src\AskHand.Api\AskHand.Api.csproj", "{8A3653B3-13DD-44EF-A171-B3FE92C2FCD9}"
EndProject
Project("{9A19103F-16F7-4668-BE54-9A1E7A4F7556}") = "AskHand.Application", "src\AskHand.Application\AskHand.Application.csproj", "{D6784A37-252D-4E64-BCA5-0454204A2ED3}"
EndProject
Project("{9A19103F-16F7-4668-BE54-9A1E7A4F7556}") = "AskHand.Domain", "src\AskHand.Domain\AskHand.Domain.csproj", "{91D465C3-BFC4-4599-B43E-A4362346D655}"
EndProject
Project("{9A19103F-16F7-4668-BE54-9A1E7A4F7556}") = "AskHand.Infrastructure", "src\AskHand.Infrastructure\AskHand.Infrastructure.csproj", "{AF6DF449-4CCE-4708-B96C-E7CEFD2A7A69}"
EndProject
Project("{9A19103F-16F7-4668-BE54-9A1E7A4F7556}") = "AskHand.Test", "src\AskHand.Test\AskHand.Test.csproj", "{69BE8C11-ACDF-4F3B-8B57-297D8FBFF4B1}"
EndProject
Global
	GlobalSection(SolutionConfigurationPlatforms) = preSolution
		Debug|Any CPU = Debug|Any CPU
		Release|Any CPU = Release|Any CPU
	EndGlobalSection
	GlobalSection(ProjectConfigurationPlatforms) = postSolution
		{8A3653B3-13DD-44EF-A171-B3FE92C2FCD9}.Debug|Any CPU.ActiveCfg = Debug|Any CPU
		{8A3653B3-13DD-44EF-A171-B3FE92C2FCD9}.Debug|Any CPU.Build.0 = Debug|Any CPU
		{8A3653B3-13DD-44EF-A171-B3FE92C2FCD9}.Release|Any CPU.ActiveCfg = Release|Any CPU
		{8A3653B3-13DD-44EF-A171-B3FE92C2FCD9}.Release|Any CPU.Build.0 = Release|Any CPU
		{D6784A37-252D-4E64-BCA5-0454204A2ED3}.Debug|Any CPU.ActiveCfg = Debug|Any CPU
		{D6784A37-252D-4E64-BCA5-0454204A2ED3}.Debug|Any CPU.Build.0 = Debug|Any CPU
		{D6784A37-252D-4E64-BCA5-0454204A2ED3}.Release|Any CPU.ActiveCfg = Release|Any CPU
		{D6784A37-252D-4E64-BCA5-0454204A2ED3}.Release|Any CPU.Build.0 = Release|Any CPU
		{91D465C3-BFC4-4599-B43E-A4362346D655}.Debug|Any CPU.ActiveCfg = Debug|Any CPU
		{91D465C3-BFC4-4599-B43E-A4362346D655}.Debug|Any CPU.Build.0 = Debug|Any CPU
		{91D465C3-BFC4-4599-B43E-A4362346D655}.Release|Any CPU.ActiveCfg = Release|Any CPU
		{91D465C3-BFC4-4599-B43E-A4362346D655}.Release|Any CPU.Build.0 = Release|Any CPU
		{AF6DF449-4CCE-4708-B96C-E7CEFD2A7A69}.Debug|Any CPU.ActiveCfg = Debug|Any CPU
		{AF6DF449-4CCE-4708-B96C-E7CEFD2A7A69}.Debug|Any CPU.Build.0 = Debug|Any CPU
		{AF6DF449-4CCE-4708-B96C-E7CEFD2A7A69}.Release|Any CPU.ActiveCfg = Release|Any CPU
		{AF6DF449-4CCE-4708-B96C-E7CEFD2A7A69}.Release|Any CPU.Build.0 = Release|Any CPU
		{69BE8C11-ACDF-4F3B-8B57-297D8FBFF4B1}.Debug|Any CPU.ActiveCfg = Debug|Any CPU
		{69BE8C11-ACDF-4F3B-8B57-297D8FBFF4B1}.Debug|Any CPU.Build.0 = Debug|Any CPU
		{69BE8C11-ACDF-4F3B-8B57-297D8FBFF4B1}.Release|Any CPU.ActiveCfg = Release|Any CPU
		{69BE8C11-ACDF-4F3B-8B57-297D8FBFF4B1}.Release|Any CPU.Build.0 = Release|Any CPU
	EndGlobalSection
	GlobalSection(SolutionProperties) = preSolution
		HideSolutionNode = FALSE
	EndGlobalSection
	GlobalSection(ExtensibilityGlobals) = postSolution
		SolutionGuid = {7C0AA014-638E-456D-A3B6-9C61C42ED35F}
	EndGlobalSection
EndGlobal
