
Microsoft Visual Studio Solution File, Format Version 12.00
# Visual Studio Version 17
VisualStudioVersion = 17.7.34221.43
MinimumVisualStudioVersion = 10.0.40219.1
Project("{FAE04EC0-301F-11D3-BF4B-00C04F79EFBC}") = "AskHand.Test", "AskHand.Test\AskHand.Test.csproj", "{D590A0CE-0152-43A4-8E54-30FDEA6212A5}"
EndProject
Global
	GlobalSection(SolutionConfigurationPlatforms) = preSolution
		Debug|Any CPU = Debug|Any CPU
		Release|Any CPU = Release|Any CPU
	EndGlobalSection
	GlobalSection(ProjectConfigurationPlatforms) = postSolution
		{D590A0CE-0152-43A4-8E54-30FDEA6212A5}.Debug|Any CPU.ActiveCfg = Debug|Any CPU
		{D590A0CE-0152-43A4-8E54-30FDEA6212A5}.Debug|Any CPU.Build.0 = Debug|Any CPU
		{D590A0CE-0152-43A4-8E54-30FDEA6212A5}.Release|Any CPU.ActiveCfg = Release|Any CPU
		{D590A0CE-0152-43A4-8E54-30FDEA6212A5}.Release|Any CPU.Build.0 = Release|Any CPU
	EndGlobalSection
	GlobalSection(SolutionProperties) = preSolution
		HideSolutionNode = FALSE
	EndGlobalSection
	GlobalSection(ExtensibilityGlobals) = postSolution
		SolutionGuid = {7C0AA014-638E-456D-A3B6-9C61C42ED35F}
	EndGlobalSection
EndGlobal
